// !$*UTF8*$!
{
	archiveVersion = 1;
	classes = {
	};
	objectVersion = 46;
	objects = {

/* Begin PBXBuildFile section */
		5A27CD891F589C7F0030F164 /* Mesh.cpp in Sources */ = {isa = PBXBuildFile; fileRef = 5A27CD871F589C7F0030F164 /* Mesh.cpp */; };
		5A654F551F51E3F60021CBF0 /* libglfw.3.2.dylib in Frameworks */ = {isa = PBXBuildFile; fileRef = 5A654F541F51E3F60021CBF0 /* libglfw.3.2.dylib */; };
		5A654F571F51E4130021CBF0 /* libGLEW.2.1.0.dylib in Frameworks */ = {isa = PBXBuildFile; fileRef = 5A654F561F51E4130021CBF0 /* libGLEW.2.1.0.dylib */; };
		5A654F5E1F51E45E0021CBF0 /* utilities.cpp in Sources */ = {isa = PBXBuildFile; fileRef = 5A654F5B1F51E45E0021CBF0 /* utilities.cpp */; };
		5A654F781F532AB90021CBF0 /* libassimp.4.0.1.dylib in Frameworks */ = {isa = PBXBuildFile; fileRef = 5A654F771F532AB90021CBF0 /* libassimp.4.0.1.dylib */; };
		5A6E6C301F51E27B0029A58C /* main.cpp in Sources */ = {isa = PBXBuildFile; fileRef = 5A6E6C2F1F51E27B0029A58C /* main.cpp */; };
		5A6E6C381F51E33E0029A58C /* OpenGL.framework in Frameworks */ = {isa = PBXBuildFile; fileRef = 5A6E6C371F51E33E0029A58C /* OpenGL.framework */; };
		5A927C7E1F599FF600E361CF /* TARDIS.cpp in Sources */ = {isa = PBXBuildFile; fileRef = 5A654F5F1F51E47E0021CBF0 /* TARDIS.cpp */; };
		5ACB8FAE1F693BE900810741 /* magicSocket.cpp in Sources */ = {isa = PBXBuildFile; fileRef = 5ACB8FAC1F693BE900810741 /* magicSocket.cpp */; };
/* End PBXBuildFile section */

/* Begin PBXCopyFilesBuildPhase section */
		5A6E6C2A1F51E27B0029A58C /* CopyFiles */ = {
			isa = PBXCopyFilesBuildPhase;
			buildActionMask = 2147483647;
			dstPath = /usr/share/man/man1/;
			dstSubfolderSpec = 0;
			files = (
			);
			runOnlyForDeploymentPostprocessing = 1;
		};
/* End PBXCopyFilesBuildPhase section */

/* Begin PBXFileReference section */
		5A27CD871F589C7F0030F164 /* Mesh.cpp */ = {isa = PBXFileReference; fileEncoding = 4; lastKnownFileType = sourcecode.cpp.cpp; path = Mesh.cpp; sourceTree = "<group>"; };
		5A27CD881F589C7F0030F164 /* Mesh.hpp */ = {isa = PBXFileReference; fileEncoding = 4; lastKnownFileType = sourcecode.cpp.h; path = Mesh.hpp; sourceTree = "<group>"; };
		5A654F541F51E3F60021CBF0 /* libglfw.3.2.dylib */ = {isa = PBXFileReference; lastKnownFileType = "compiled.mach-o.dylib"; name = libglfw.3.2.dylib; path = ../../../../usr/local/Cellar/glfw/3.2.1/lib/libglfw.3.2.dylib; sourceTree = "<group>"; };
		5A654F561F51E4130021CBF0 /* libGLEW.2.1.0.dylib */ = {isa = PBXFileReference; lastKnownFileType = "compiled.mach-o.dylib"; name = libGLEW.2.1.0.dylib; path = ../../../../usr/local/Cellar/glew/2.1.0/lib/libGLEW.2.1.0.dylib; sourceTree = "<group>"; };
		5A654F581F51E45E0021CBF0 /* controls.cpp */ = {isa = PBXFileReference; fileEncoding = 4; lastKnownFileType = sourcecode.cpp.cpp; name = controls.cpp; path = "Arduino Tardis/controls.cpp"; sourceTree = "<group>"; };
		5A654F591F51E45E0021CBF0 /* controls.hpp */ = {isa = PBXFileReference; fileEncoding = 4; lastKnownFileType = sourcecode.cpp.h; name = controls.hpp; path = "Arduino Tardis/controls.hpp"; sourceTree = "<group>"; };
		5A654F5B1F51E45E0021CBF0 /* utilities.cpp */ = {isa = PBXFileReference; fileEncoding = 4; lastKnownFileType = sourcecode.cpp.cpp; name = utilities.cpp; path = "Arduino Tardis/utilities.cpp"; sourceTree = "<group>"; };
		5A654F5C1F51E45E0021CBF0 /* utilities.h */ = {isa = PBXFileReference; fileEncoding = 4; lastKnownFileType = sourcecode.c.h; name = utilities.h; path = "Arduino Tardis/utilities.h"; sourceTree = "<group>"; };
		5A654F5F1F51E47E0021CBF0 /* TARDIS.cpp */ = {isa = PBXFileReference; fileEncoding = 4; lastKnownFileType = sourcecode.cpp.cpp; name = TARDIS.cpp; path = "Arduino Tardis/TARDIS.cpp"; sourceTree = "<group>"; };
		5A654F601F51E47E0021CBF0 /* TARDIS.hpp */ = {isa = PBXFileReference; fileEncoding = 4; lastKnownFileType = sourcecode.cpp.h; name = TARDIS.hpp; path = "Arduino Tardis/TARDIS.hpp"; sourceTree = "<group>"; };
		5A654F771F532AB90021CBF0 /* libassimp.4.0.1.dylib */ = {isa = PBXFileReference; lastKnownFileType = "compiled.mach-o.dylib"; name = libassimp.4.0.1.dylib; path = ../../../../usr/local/Cellar/assimp/4.0.1/lib/libassimp.4.0.1.dylib; sourceTree = "<group>"; };
		5A654F791F532CD20021CBF0 /* fragment_shader.glsl */ = {isa = PBXFileReference; fileEncoding = 4; lastKnownFileType = text; name = fragment_shader.glsl; path = "Arduino Tardis/fragment_shader.glsl"; sourceTree = "<group>"; };
		5A654F7A1F532CD20021CBF0 /* vertex_shader.glsl */ = {isa = PBXFileReference; fileEncoding = 4; lastKnownFileType = text; name = vertex_shader.glsl; path = "Arduino Tardis/vertex_shader.glsl"; sourceTree = "<group>"; };
		5A654F7D1F5330720021CBF0 /* l3dassimport.cpp */ = {isa = PBXFileReference; fileEncoding = 4; lastKnownFileType = sourcecode.cpp.cpp; name = l3dassimport.cpp; path = ../../.Trash/l3dassimport.cpp; sourceTree = "<group>"; };
		5A654F841F5331C60021CBF0 /* libglut.3.10.0.dylib */ = {isa = PBXFileReference; lastKnownFileType = "compiled.mach-o.dylib"; name = libglut.3.10.0.dylib; path = ../../../../usr/local/Cellar/freeglut/3.0.0/lib/libglut.3.10.0.dylib; sourceTree = "<group>"; };
		5A654F861F5332060021CBF0 /* GLUT.framework */ = {isa = PBXFileReference; lastKnownFileType = wrapper.framework; name = GLUT.framework; path = System/Library/Frameworks/GLUT.framework; sourceTree = SDKROOT; };
		5A6E6C2C1F51E27B0029A58C /* Arduino Tardis */ = {isa = PBXFileReference; explicitFileType = "compiled.mach-o.executable"; includeInIndex = 0; path = "Arduino Tardis"; sourceTree = BUILT_PRODUCTS_DIR; };
		5A6E6C2F1F51E27B0029A58C /* main.cpp */ = {isa = PBXFileReference; lastKnownFileType = sourcecode.cpp.cpp; path = main.cpp; sourceTree = "<group>"; };
		5A6E6C371F51E33E0029A58C /* OpenGL.framework */ = {isa = PBXFileReference; lastKnownFileType = wrapper.framework; name = OpenGL.framework; path = System/Library/Frameworks/OpenGL.framework; sourceTree = SDKROOT; };
		5ACB8FAC1F693BE900810741 /* magicSocket.cpp */ = {isa = PBXFileReference; fileEncoding = 4; lastKnownFileType = sourcecode.cpp.cpp; path = magicSocket.cpp; sourceTree = "<group>"; };
		5ACB8FAD1F693BE900810741 /* magicSocket.hpp */ = {isa = PBXFileReference; fileEncoding = 4; lastKnownFileType = sourcecode.cpp.h; path = magicSocket.hpp; sourceTree = "<group>"; };
/* End PBXFileReference section */

/* Begin PBXFrameworksBuildPhase section */
		5A6E6C291F51E27B0029A58C /* Frameworks */ = {
			isa = PBXFrameworksBuildPhase;
			buildActionMask = 2147483647;
			files = (
				5A654F781F532AB90021CBF0 /* libassimp.4.0.1.dylib in Frameworks */,
				5A654F571F51E4130021CBF0 /* libGLEW.2.1.0.dylib in Frameworks */,
				5A654F551F51E3F60021CBF0 /* libglfw.3.2.dylib in Frameworks */,
				5A6E6C381F51E33E0029A58C /* OpenGL.framework in Frameworks */,
			);
			runOnlyForDeploymentPostprocessing = 0;
		};
/* End PBXFrameworksBuildPhase section */

/* Begin PBXGroup section */
		5A27CD861F589C7F0030F164 /* importing */ = {
			isa = PBXGroup;
			children = (
				5A27CD871F589C7F0030F164 /* Mesh.cpp */,
				5A27CD881F589C7F0030F164 /* Mesh.hpp */,
			);
			name = importing;
			path = "Arduino Tardis/importing";
			sourceTree = "<group>";
		};
		5A6E6C231F51E27B0029A58C = {
			isa = PBXGroup;
			children = (
				5ACB8FAB1F693BE900810741 /* serverAPI */,
				5A27CD861F589C7F0030F164 /* importing */,
				5ACB8FAF1F693C8800810741 /* Shaders */,
				5A927C7F1F59A06000E361CF /* TARDIS */,
				5A927C801F59A06A00E361CF /* Controls */,
				5ACB8FB01F693C9100810741 /* Utilities */,
				5A6E6C2E1F51E27B0029A58C /* Arduino Tardis */,
				5A6E6C2D1F51E27B0029A58C /* Products */,
				5A6E6C361F51E33E0029A58C /* Frameworks */,
			);
			sourceTree = "<group>";
		};
		5A6E6C2D1F51E27B0029A58C /* Products */ = {
			isa = PBXGroup;
			children = (
				5A6E6C2C1F51E27B0029A58C /* Arduino Tardis */,
			);
			name = Products;
			sourceTree = "<group>";
		};
		5A6E6C2E1F51E27B0029A58C /* Arduino Tardis */ = {
			isa = PBXGroup;
			children = (
				5A6E6C2F1F51E27B0029A58C /* main.cpp */,
			);
			path = "Arduino Tardis";
			sourceTree = "<group>";
		};
		5A6E6C361F51E33E0029A58C /* Frameworks */ = {
			isa = PBXGroup;
			children = (
				5A654F861F5332060021CBF0 /* GLUT.framework */,
				5A654F841F5331C60021CBF0 /* libglut.3.10.0.dylib */,
				5A654F7D1F5330720021CBF0 /* l3dassimport.cpp */,
				5A654F771F532AB90021CBF0 /* libassimp.4.0.1.dylib */,
				5A654F561F51E4130021CBF0 /* libGLEW.2.1.0.dylib */,
				5A654F541F51E3F60021CBF0 /* libglfw.3.2.dylib */,
				5A6E6C371F51E33E0029A58C /* OpenGL.framework */,
			);
			name = Frameworks;
			sourceTree = "<group>";
		};
		5A927C7F1F59A06000E361CF /* TARDIS */ = {
			isa = PBXGroup;
			children = (
				5A654F5F1F51E47E0021CBF0 /* TARDIS.cpp */,
				5A654F601F51E47E0021CBF0 /* TARDIS.hpp */,
			);
			name = TARDIS;
			sourceTree = "<group>";
		};
		5A927C801F59A06A00E361CF /* Controls */ = {
			isa = PBXGroup;
			children = (
				5A654F581F51E45E0021CBF0 /* controls.cpp */,
				5A654F591F51E45E0021CBF0 /* controls.hpp */,
			);
			name = Controls;
			sourceTree = "<group>";
		};
		5ACB8FAB1F693BE900810741 /* serverAPI */ = {
			isa = PBXGroup;
			children = (
				5ACB8FAC1F693BE900810741 /* magicSocket.cpp */,
				5ACB8FAD1F693BE900810741 /* magicSocket.hpp */,
			);
			name = serverAPI;
			path = "Arduino Tardis/serverAPI";
			sourceTree = "<group>";
		};
		5ACB8FAF1F693C8800810741 /* Shaders */ = {
			isa = PBXGroup;
			children = (
				5A654F791F532CD20021CBF0 /* fragment_shader.glsl */,
				5A654F7A1F532CD20021CBF0 /* vertex_shader.glsl */,
			);
			name = Shaders;
			sourceTree = "<group>";
		};
		5ACB8FB01F693C9100810741 /* Utilities */ = {
			isa = PBXGroup;
			children = (
				5A654F5B1F51E45E0021CBF0 /* utilities.cpp */,
				5A654F5C1F51E45E0021CBF0 /* utilities.h */,
			);
			name = Utilities;
			sourceTree = "<group>";
		};
/* End PBXGroup section */

/* Begin PBXNativeTarget section */
		5A6E6C2B1F51E27B0029A58C /* Arduino Tardis */ = {
			isa = PBXNativeTarget;
			buildConfigurationList = 5A6E6C331F51E27B0029A58C /* Build configuration list for PBXNativeTarget "Arduino Tardis" */;
			buildPhases = (
				5A6E6C281F51E27B0029A58C /* Sources */,
				5A6E6C291F51E27B0029A58C /* Frameworks */,
				5A6E6C2A1F51E27B0029A58C /* CopyFiles */,
			);
			buildRules = (
			);
			dependencies = (
			);
			name = "Arduino Tardis";
			productName = "Arduino Tardis";
			productReference = 5A6E6C2C1F51E27B0029A58C /* Arduino Tardis */;
			productType = "com.apple.product-type.tool";
		};
/* End PBXNativeTarget section */

/* Begin PBXProject section */
		5A6E6C241F51E27B0029A58C /* Project object */ = {
			isa = PBXProject;
			attributes = {
				LastUpgradeCheck = 0830;
				ORGANIZATIONNAME = "Antonello Galipò";
				TargetAttributes = {
					5A6E6C2B1F51E27B0029A58C = {
						CreatedOnToolsVersion = 8.3.3;
						DevelopmentTeam = RDS7BN3C7W;
						ProvisioningStyle = Automatic;
					};
				};
			};
			buildConfigurationList = 5A6E6C271F51E27B0029A58C /* Build configuration list for PBXProject "Arduino Tardis" */;
			compatibilityVersion = "Xcode 3.2";
			developmentRegion = English;
			hasScannedForEncodings = 0;
			knownRegions = (
				en,
			);
			mainGroup = 5A6E6C231F51E27B0029A58C;
			productRefGroup = 5A6E6C2D1F51E27B0029A58C /* Products */;
			projectDirPath = "";
			projectRoot = "";
			targets = (
				5A6E6C2B1F51E27B0029A58C /* Arduino Tardis */,
			);
		};
/* End PBXProject section */

/* Begin PBXSourcesBuildPhase section */
		5A6E6C281F51E27B0029A58C /* Sources */ = {
			isa = PBXSourcesBuildPhase;
			buildActionMask = 2147483647;
			files = (
				5A927C7E1F599FF600E361CF /* TARDIS.cpp in Sources */,
				5ACB8FAE1F693BE900810741 /* magicSocket.cpp in Sources */,
				5A654F5E1F51E45E0021CBF0 /* utilities.cpp in Sources */,
				5A27CD891F589C7F0030F164 /* Mesh.cpp in Sources */,
				5A6E6C301F51E27B0029A58C /* main.cpp in Sources */,
			);
			runOnlyForDeploymentPostprocessing = 0;
		};
/* End PBXSourcesBuildPhase section */

/* Begin XCBuildConfiguration section */
		5A6E6C311F51E27B0029A58C /* Debug */ = {
			isa = XCBuildConfiguration;
			buildSettings = {
				ALWAYS_SEARCH_USER_PATHS = NO;
				CLANG_ANALYZER_NONNULL = YES;
				CLANG_ANALYZER_NUMBER_OBJECT_CONVERSION = YES_AGGRESSIVE;
				CLANG_CXX_LANGUAGE_STANDARD = "gnu++0x";
				CLANG_CXX_LIBRARY = "libc++";
				CLANG_ENABLE_MODULES = YES;
				CLANG_ENABLE_OBJC_ARC = YES;
				CLANG_WARN_BOOL_CONVERSION = YES;
				CLANG_WARN_CONSTANT_CONVERSION = YES;
				CLANG_WARN_DIRECT_OBJC_ISA_USAGE = YES_ERROR;
				CLANG_WARN_DOCUMENTATION_COMMENTS = YES;
				CLANG_WARN_EMPTY_BODY = YES;
				CLANG_WARN_ENUM_CONVERSION = YES;
				CLANG_WARN_INFINITE_RECURSION = YES;
				CLANG_WARN_INT_CONVERSION = YES;
				CLANG_WARN_OBJC_ROOT_CLASS = YES_ERROR;
				CLANG_WARN_SUSPICIOUS_MOVE = YES;
				CLANG_WARN_UNREACHABLE_CODE = YES;
				CLANG_WARN__DUPLICATE_METHOD_MATCH = YES;
				CODE_SIGN_IDENTITY = "-";
				COPY_PHASE_STRIP = NO;
				DEBUG_INFORMATION_FORMAT = dwarf;
				ENABLE_STRICT_OBJC_MSGSEND = YES;
				ENABLE_TESTABILITY = YES;
				GCC_C_LANGUAGE_STANDARD = gnu99;
				GCC_DYNAMIC_NO_PIC = NO;
				GCC_NO_COMMON_BLOCKS = YES;
				GCC_OPTIMIZATION_LEVEL = 0;
				GCC_PREPROCESSOR_DEFINITIONS = (
					"DEBUG=1",
					"$(inherited)",
				);
				GCC_WARN_64_TO_32_BIT_CONVERSION = YES;
				GCC_WARN_ABOUT_RETURN_TYPE = YES_ERROR;
				GCC_WARN_UNDECLARED_SELECTOR = YES;
				GCC_WARN_UNINITIALIZED_AUTOS = YES_AGGRESSIVE;
				GCC_WARN_UNUSED_FUNCTION = YES;
				GCC_WARN_UNUSED_VARIABLE = YES;
				MACOSX_DEPLOYMENT_TARGET = 10.12;
				MTL_ENABLE_DEBUG_INFO = YES;
				ONLY_ACTIVE_ARCH = YES;
				SDKROOT = macosx;
			};
			name = Debug;
		};
		5A6E6C321F51E27B0029A58C /* Release */ = {
			isa = XCBuildConfiguration;
			buildSettings = {
				ALWAYS_SEARCH_USER_PATHS = NO;
				CLANG_ANALYZER_NONNULL = YES;
				CLANG_ANALYZER_NUMBER_OBJECT_CONVERSION = YES_AGGRESSIVE;
				CLANG_CXX_LANGUAGE_STANDARD = "gnu++0x";
				CLANG_CXX_LIBRARY = "libc++";
				CLANG_ENABLE_MODULES = YES;
				CLANG_ENABLE_OBJC_ARC = YES;
				CLANG_WARN_BOOL_CONVERSION = YES;
				CLANG_WARN_CONSTANT_CONVERSION = YES;
				CLANG_WARN_DIRECT_OBJC_ISA_USAGE = YES_ERROR;
				CLANG_WARN_DOCUMENTATION_COMMENTS = YES;
				CLANG_WARN_EMPTY_BODY = YES;
				CLANG_WARN_ENUM_CONVERSION = YES;
				CLANG_WARN_INFINITE_RECURSION = YES;
				CLANG_WARN_INT_CONVERSION = YES;
				CLANG_WARN_OBJC_ROOT_CLASS = YES_ERROR;
				CLANG_WARN_SUSPICIOUS_MOVE = YES;
				CLANG_WARN_UNREACHABLE_CODE = YES;
				CLANG_WARN__DUPLICATE_METHOD_MATCH = YES;
				CODE_SIGN_IDENTITY = "-";
				COPY_PHASE_STRIP = NO;
				DEBUG_INFORMATION_FORMAT = "dwarf-with-dsym";
				ENABLE_NS_ASSERTIONS = NO;
				ENABLE_STRICT_OBJC_MSGSEND = YES;
				GCC_C_LANGUAGE_STANDARD = gnu99;
				GCC_NO_COMMON_BLOCKS = YES;
				GCC_WARN_64_TO_32_BIT_CONVERSION = YES;
				GCC_WARN_ABOUT_RETURN_TYPE = YES_ERROR;
				GCC_WARN_UNDECLARED_SELECTOR = YES;
				GCC_WARN_UNINITIALIZED_AUTOS = YES_AGGRESSIVE;
				GCC_WARN_UNUSED_FUNCTION = YES;
				GCC_WARN_UNUSED_VARIABLE = YES;
				MACOSX_DEPLOYMENT_TARGET = 10.12;
				MTL_ENABLE_DEBUG_INFO = NO;
				SDKROOT = macosx;
			};
			name = Release;
		};
		5A6E6C341F51E27B0029A58C /* Debug */ = {
			isa = XCBuildConfiguration;
			buildSettings = {
				DEVELOPMENT_TEAM = RDS7BN3C7W;
				HEADER_SEARCH_PATHS = (
					/usr/local/include/,
					/usr/local/Cellar/glfw/3.2.1/lib/,
					"/usr/local/Cellar/glfw@2/2.7.9/include",
				);
				LIBRARY_SEARCH_PATHS = (
					/usr/local/Cellar/glew/2.1.0/lib,
					/usr/local/Cellar/glfw/3.2.1/lib,
					/usr/local/lib/,
					/usr/local/Cellar/glfw/3.2.1/lib/,
					/usr/local/Cellar/assimp/4.0.1/lib,
					/usr/local/Cellar/freeglut/3.0.0/lib,
				);
				PRODUCT_NAME = "$(TARGET_NAME)";
			};
			name = Debug;
		};
		5A6E6C351F51E27B0029A58C /* Release */ = {
			isa = XCBuildConfiguration;
			buildSettings = {
				DEVELOPMENT_TEAM = RDS7BN3C7W;
				HEADER_SEARCH_PATHS = (
					/usr/local/include/,
					/usr/local/Cellar/glfw/3.2.1/lib/,
					"/usr/local/Cellar/glfw@2/2.7.9/include",
				);
				LIBRARY_SEARCH_PATHS = (
					/usr/local/Cellar/glew/2.1.0/lib,
					/usr/local/Cellar/glfw/3.2.1/lib,
					/usr/local/lib/,
					/usr/local/Cellar/glfw/3.2.1/lib/,
					/usr/local/Cellar/assimp/4.0.1/lib,
					/usr/local/Cellar/freeglut/3.0.0/lib,
				);
				PRODUCT_NAME = "$(TARGET_NAME)";
			};
			name = Release;
		};
/* End XCBuildConfiguration section */

/* Begin XCConfigurationList section */
		5A6E6C271F51E27B0029A58C /* Build configuration list for PBXProject "Arduino Tardis" */ = {
			isa = XCConfigurationList;
			buildConfigurations = (
				5A6E6C311F51E27B0029A58C /* Debug */,
				5A6E6C321F51E27B0029A58C /* Release */,
			);
			defaultConfigurationIsVisible = 0;
			defaultConfigurationName = Release;
		};
		5A6E6C331F51E27B0029A58C /* Build configuration list for PBXNativeTarget "Arduino Tardis" */ = {
			isa = XCConfigurationList;
			buildConfigurations = (
				5A6E6C341F51E27B0029A58C /* Debug */,
				5A6E6C351F51E27B0029A58C /* Release */,
			);
			defaultConfigurationIsVisible = 0;
			defaultConfigurationName = Release;
		};
/* End XCConfigurationList section */
	};
	rootObject = 5A6E6C241F51E27B0029A58C /* Project object */;
}
